
Microsoft Visual Studio Solution File, Format Version 12.00
# Visual Studio Version 17
VisualStudioVersion = 17.14.37203.1 d17.14
MinimumVisualStudioVersion = 10.0.40219.1
Project("{8BC9CEB8-8B4A-11D0-8D11-00A0C91BC942}") = "Beginning_CPP_v1", "Beginning_CPP_v1.vcxproj", "{90A29325-D213-478F-8F79-25C2D119A85A}"
EndProject
Global
	GlobalSection(SolutionConfigurationPlatforms) = preSolution
		Debug|x64 = Debug|x64
		Debug|x86 = Debug|x86
		Release|x64 = Release|x64
		Release|x86 = Release|x86
	EndGlobalSection
	GlobalSection(ProjectConfigurationPlatforms) = postSolution
		{90A29325-D213-478F-8F79-25C2D119A85A}.Debug|x64.ActiveCfg = Debug|x64
		{90A29325-D213-478F-8F79-25C2D119A85A}.Debug|x64.Build.0 = Debug|x64
		{90A29325-D213-478F-8F79-25C2D119A85A}.Debug|x86.ActiveCfg = Debug|Win32
		{90A29325-D213-478F-8F79-25C2D119A85A}.Debug|x86.Build.0 = Debug|Win32
		{90A29325-D213-478F-8F79-25C2D119A85A}.Release|x64.ActiveCfg = Release|x64
		{90A29325-D213-478F-8F79-25C2D119A85A}.Release|x64.Build.0 = Release|x64
		{90A29325-D213-478F-8F79-25C2D119A85A}.Release|x86.ActiveCfg = Release|Win32
		{90A29325-D213-478F-8F79-25C2D119A85A}.Release|x86.Build.0 = Release|Win32
	EndGlobalSection
	GlobalSection(SolutionProperties) = preSolution
		HideSolutionNode = FALSE
	EndGlobalSection
	GlobalSection(ExtensibilityGlobals) = postSolution
		SolutionGuid = {5B155BCC-6E2B-457C-94A2-4886C0063593}
	EndGlobalSection
EndGlobal
